
Microsoft Visual Studio Solution File, Format Version 12.00
# Visual Studio Version 17
VisualStudioVersion = 17.10.34928.147
MinimumVisualStudioVersion = 10.0.40219.1
Project("{FAE04EC0-301F-11D3-BF4B-00C04F79EFBC}") = "ZDZSTORE", "ZDZSTORE\ZDZSTORE.csproj", "{338321E3-D9D1-480C-8278-D92A6876AF46}"
EndProject
Global
	GlobalSection(SolutionConfigurationPlatforms) = preSolution
		Debug|Any CPU = Debug|Any CPU
		Release|Any CPU = Release|Any CPU
	EndGlobalSection
	GlobalSection(ProjectConfigurationPlatforms) = postSolution
		{338321E3-D9D1-480C-8278-D92A6876AF46}.Debug|Any CPU.ActiveCfg = Debug|Any CPU
		{338321E3-D9D1-480C-8278-D92A6876AF46}.Debug|Any CPU.Build.0 = Debug|Any CPU
		{338321E3-D9D1-480C-8278-D92A6876AF46}.Release|Any CPU.ActiveCfg = Release|Any CPU
		{338321E3-D9D1-480C-8278-D92A6876AF46}.Release|Any CPU.Build.0 = Release|Any CPU
	EndGlobalSection
	GlobalSection(SolutionProperties) = preSolution
		HideSolutionNode = FALSE
	EndGlobalSection
	GlobalSection(ExtensibilityGlobals) = postSolution
		SolutionGuid = {8D3292DD-F139-46BD-928E-DB8AED34B089}
	EndGlobalSection
EndGlobal
